
Microsoft Visual Studio Solution File, Format Version 12.00
# Visual Studio Version 17
VisualStudioVersion = 17.13.35806.99 d17.13
MinimumVisualStudioVersion = 10.0.40219.1
Project("{FAE04EC0-301F-11D3-BF4B-00C04F79EFBC}") = "API-Versioning", "API-Versioning\API-Versioning.csproj", "{86F6E591-FD5F-46FC-94D3-8CA8CA11347E}"
EndProject
Global
	GlobalSection(SolutionConfigurationPlatforms) = preSolution
		Debug|Any CPU = Debug|Any CPU
		Release|Any CPU = Release|Any CPU
	EndGlobalSection
	GlobalSection(ProjectConfigurationPlatforms) = postSolution
		{86F6E591-FD5F-46FC-94D3-8CA8CA11347E}.Debug|Any CPU.ActiveCfg = Debug|Any CPU
		{86F6E591-FD5F-46FC-94D3-8CA8CA11347E}.Debug|Any CPU.Build.0 = Debug|Any CPU
		{86F6E591-FD5F-46FC-94D3-8CA8CA11347E}.Release|Any CPU.ActiveCfg = Release|Any CPU
		{86F6E591-FD5F-46FC-94D3-8CA8CA11347E}.Release|Any CPU.Build.0 = Release|Any CPU
	EndGlobalSection
	GlobalSection(SolutionProperties) = preSolution
		HideSolutionNode = FALSE
	EndGlobalSection
	GlobalSection(ExtensibilityGlobals) = postSolution
		SolutionGuid = {A20DDE54-5CA1-4B98-A96B-D3EF688072C2}
	EndGlobalSection
EndGlobal
